
Microsoft Visual Studio Solution File, Format Version 12.00
# Visual Studio Version 17
VisualStudioVersion = 17.2.32616.157
MinimumVisualStudioVersion = 10.0.40219.1
Project("{FAE04EC0-301F-11D3-BF4B-00C04F79EFBC}") = "MVC-APP", "MVC-APP\MVC-APP.csproj", "{CF128732-3FAC-449B-9802-13B371B02449}"
EndProject
Global
	GlobalSection(SolutionConfigurationPlatforms) = preSolution
		Debug|Any CPU = Debug|Any CPU
		Release|Any CPU = Release|Any CPU
	EndGlobalSection
	GlobalSection(ProjectConfigurationPlatforms) = postSolution
		{CF128732-3FAC-449B-9802-13B371B02449}.Debug|Any CPU.ActiveCfg = Debug|Any CPU
		{CF128732-3FAC-449B-9802-13B371B02449}.Debug|Any CPU.Build.0 = Debug|Any CPU
		{CF128732-3FAC-449B-9802-13B371B02449}.Release|Any CPU.ActiveCfg = Release|Any CPU
		{CF128732-3FAC-449B-9802-13B371B02449}.Release|Any CPU.Build.0 = Release|Any CPU
	EndGlobalSection
	GlobalSection(SolutionProperties) = preSolution
		HideSolutionNode = FALSE
	EndGlobalSection
	GlobalSection(ExtensibilityGlobals) = postSolution
		SolutionGuid = {B30ABC75-33A1-48C0-89D4-0F5DFE1581CF}
	EndGlobalSection
EndGlobal
